
Microsoft Visual Studio Solution File, Format Version 12.00
# Visual Studio Version 17
VisualStudioVersion = 17.3.32922.545
MinimumVisualStudioVersion = 10.0.40219.1
Project("{8BC9CEB8-8B4A-11D0-8D11-00A0C91BC942}") = "taskbar-lyrics", "taskbar-lyrics.vcxproj", "{2CD1B59B-4A33-4BB0-B33F-9D30756C742F}"
EndProject
Project("{8BC9CEB8-8B4A-11D0-8D11-00A0C91BC942}") = "betterncm-plugin", "betterncm-plugin.vcxproj", "{AD169A72-1455-4635-97CC-E5EDF1CB41D5}"
EndProject
Project("{2150E333-8FDC-42A3-9474-1A3956D46DE8}") = "杂项", "杂项", "{682F0C3C-6A14-4C74-9834-A9AE0772FB3C}"
	ProjectSection(SolutionItems) = preProject
		.gitignore = .gitignore
		.github\workflows\build.yml = .github\workflows\build.yml
		LICENSE = LICENSE
		README.md = README.md
	EndProjectSection
EndProject
Global
	GlobalSection(SolutionConfigurationPlatforms) = preSolution
		Debug|x86 = Debug|x86
		Release|x86 = Release|x86
	EndGlobalSection
	GlobalSection(ProjectConfigurationPlatforms) = postSolution
		{2CD1B59B-4A33-4BB0-B33F-9D30756C742F}.Debug|x86.ActiveCfg = Debug|Win32
		{2CD1B59B-4A33-4BB0-B33F-9D30756C742F}.Debug|x86.Build.0 = Debug|Win32
		{2CD1B59B-4A33-4BB0-B33F-9D30756C742F}.Release|x86.ActiveCfg = Release|Win32
		{2CD1B59B-4A33-4BB0-B33F-9D30756C742F}.Release|x86.Build.0 = Release|Win32
		{AD169A72-1455-4635-97CC-E5EDF1CB41D5}.Debug|x86.ActiveCfg = Debug|Win32
		{AD169A72-1455-4635-97CC-E5EDF1CB41D5}.Debug|x86.Build.0 = Debug|Win32
		{AD169A72-1455-4635-97CC-E5EDF1CB41D5}.Release|x86.ActiveCfg = Release|Win32
		{AD169A72-1455-4635-97CC-E5EDF1CB41D5}.Release|x86.Build.0 = Release|Win32
	EndGlobalSection
	GlobalSection(SolutionProperties) = preSolution
		HideSolutionNode = FALSE
	EndGlobalSection
	GlobalSection(ExtensibilityGlobals) = postSolution
		SolutionGuid = {06E44E1D-A535-45B8-A01E-DDD7FC40CE19}
	EndGlobalSection
EndGlobal
